
Microsoft Visual Studio Solution File, Format Version 12.00
# Visual Studio Version 16
VisualStudioVersion = 16.0.29123.88
MinimumVisualStudioVersion = 10.0.40219.1
Project("{FAE04EC0-301F-11D3-BF4B-00C04F79EFBC}") = "HotelAdviser", "HotelAdviser\HotelAdviser.csproj", "{995CC4EA-B35D-4499-A566-F9D8B0DF8FC1}"
EndProject
Global
	GlobalSection(SolutionConfigurationPlatforms) = preSolution
		Debug|Any CPU = Debug|Any CPU
		Release|Any CPU = Release|Any CPU
	EndGlobalSection
	GlobalSection(ProjectConfigurationPlatforms) = postSolution
		{995CC4EA-B35D-4499-A566-F9D8B0DF8FC1}.Debug|Any CPU.ActiveCfg = Debug|Any CPU
		{995CC4EA-B35D-4499-A566-F9D8B0DF8FC1}.Debug|Any CPU.Build.0 = Debug|Any CPU
		{995CC4EA-B35D-4499-A566-F9D8B0DF8FC1}.Release|Any CPU.ActiveCfg = Release|Any CPU
		{995CC4EA-B35D-4499-A566-F9D8B0DF8FC1}.Release|Any CPU.Build.0 = Release|Any CPU
	EndGlobalSection
	GlobalSection(SolutionProperties) = preSolution
		HideSolutionNode = FALSE
	EndGlobalSection
	GlobalSection(ExtensibilityGlobals) = postSolution
		SolutionGuid = {C8CCF467-9584-4B4C-9B35-A6658DD094F0}
	EndGlobalSection
EndGlobal
